
Microsoft Visual Studio Solution File, Format Version 12.00
# Visual Studio Version 16
VisualStudioVersion = 16.0.30621.155
MinimumVisualStudioVersion = 10.0.40219.1
Project("{FAE04EC0-301F-11D3-BF4B-00C04F79EFBC}") = "L.B 5.2", "L.B 5.2\L.B 5.2.csproj", "{FB06DEAF-E24D-4406-B0E2-791F41000147}"
EndProject
Global
	GlobalSection(SolutionConfigurationPlatforms) = preSolution
		Debug|Any CPU = Debug|Any CPU
		Release|Any CPU = Release|Any CPU
	EndGlobalSection
	GlobalSection(ProjectConfigurationPlatforms) = postSolution
		{FB06DEAF-E24D-4406-B0E2-791F41000147}.Debug|Any CPU.ActiveCfg = Debug|Any CPU
		{FB06DEAF-E24D-4406-B0E2-791F41000147}.Debug|Any CPU.Build.0 = Debug|Any CPU
		{FB06DEAF-E24D-4406-B0E2-791F41000147}.Release|Any CPU.ActiveCfg = Release|Any CPU
		{FB06DEAF-E24D-4406-B0E2-791F41000147}.Release|Any CPU.Build.0 = Release|Any CPU
	EndGlobalSection
	GlobalSection(SolutionProperties) = preSolution
		HideSolutionNode = FALSE
	EndGlobalSection
	GlobalSection(ExtensibilityGlobals) = postSolution
		SolutionGuid = {AC73169E-D5D9-4319-9D0A-B85404054393}
	EndGlobalSection
EndGlobal
