
Microsoft Visual Studio Solution File, Format Version 12.00
# Visual Studio Version 16
VisualStudioVersion = 16.0.30621.155
MinimumVisualStudioVersion = 10.0.40219.1
Project("{FAE04EC0-301F-11D3-BF4B-00C04F79EFBC}") = "L.B 5.5", "L.B 5.5\L.B 5.5.csproj", "{4E8D2444-476C-4B24-9BC0-B1E5FBAF49D4}"
EndProject
Global
	GlobalSection(SolutionConfigurationPlatforms) = preSolution
		Debug|Any CPU = Debug|Any CPU
		Release|Any CPU = Release|Any CPU
	EndGlobalSection
	GlobalSection(ProjectConfigurationPlatforms) = postSolution
		{4E8D2444-476C-4B24-9BC0-B1E5FBAF49D4}.Debug|Any CPU.ActiveCfg = Debug|Any CPU
		{4E8D2444-476C-4B24-9BC0-B1E5FBAF49D4}.Debug|Any CPU.Build.0 = Debug|Any CPU
		{4E8D2444-476C-4B24-9BC0-B1E5FBAF49D4}.Release|Any CPU.ActiveCfg = Release|Any CPU
		{4E8D2444-476C-4B24-9BC0-B1E5FBAF49D4}.Release|Any CPU.Build.0 = Release|Any CPU
	EndGlobalSection
	GlobalSection(SolutionProperties) = preSolution
		HideSolutionNode = FALSE
	EndGlobalSection
	GlobalSection(ExtensibilityGlobals) = postSolution
		SolutionGuid = {22277871-A373-4432-AB0D-4FEF699FB231}
	EndGlobalSection
EndGlobal
