
Microsoft Visual Studio Solution File, Format Version 12.00
# Visual Studio Version 16
VisualStudioVersion = 16.0.30621.155
MinimumVisualStudioVersion = 10.0.40219.1
Project("{FAE04EC0-301F-11D3-BF4B-00C04F79EFBC}") = "L.B 6.2", "L.B 6.2\L.B 6.2.csproj", "{1F9C1D32-9F11-4F9F-99B6-838A711C8BE9}"
EndProject
Global
	GlobalSection(SolutionConfigurationPlatforms) = preSolution
		Debug|Any CPU = Debug|Any CPU
		Release|Any CPU = Release|Any CPU
	EndGlobalSection
	GlobalSection(ProjectConfigurationPlatforms) = postSolution
		{1F9C1D32-9F11-4F9F-99B6-838A711C8BE9}.Debug|Any CPU.ActiveCfg = Debug|Any CPU
		{1F9C1D32-9F11-4F9F-99B6-838A711C8BE9}.Debug|Any CPU.Build.0 = Debug|Any CPU
		{1F9C1D32-9F11-4F9F-99B6-838A711C8BE9}.Release|Any CPU.ActiveCfg = Release|Any CPU
		{1F9C1D32-9F11-4F9F-99B6-838A711C8BE9}.Release|Any CPU.Build.0 = Release|Any CPU
	EndGlobalSection
	GlobalSection(SolutionProperties) = preSolution
		HideSolutionNode = FALSE
	EndGlobalSection
	GlobalSection(ExtensibilityGlobals) = postSolution
		SolutionGuid = {D57811FA-8F62-4ED8-82DB-A2335F8D3802}
	EndGlobalSection
EndGlobal
