
Microsoft Visual Studio Solution File, Format Version 12.00
# Visual Studio Version 16
VisualStudioVersion = 16.0.30621.155
MinimumVisualStudioVersion = 10.0.40219.1
Project("{FAE04EC0-301F-11D3-BF4B-00C04F79EFBC}") = "L.B 6.3", "L.B 6.3\L.B 6.3.csproj", "{EBF90FDA-774B-469E-96F3-9026C144E6DF}"
EndProject
Global
	GlobalSection(SolutionConfigurationPlatforms) = preSolution
		Debug|Any CPU = Debug|Any CPU
		Release|Any CPU = Release|Any CPU
	EndGlobalSection
	GlobalSection(ProjectConfigurationPlatforms) = postSolution
		{EBF90FDA-774B-469E-96F3-9026C144E6DF}.Debug|Any CPU.ActiveCfg = Debug|Any CPU
		{EBF90FDA-774B-469E-96F3-9026C144E6DF}.Debug|Any CPU.Build.0 = Debug|Any CPU
		{EBF90FDA-774B-469E-96F3-9026C144E6DF}.Release|Any CPU.ActiveCfg = Release|Any CPU
		{EBF90FDA-774B-469E-96F3-9026C144E6DF}.Release|Any CPU.Build.0 = Release|Any CPU
	EndGlobalSection
	GlobalSection(SolutionProperties) = preSolution
		HideSolutionNode = FALSE
	EndGlobalSection
	GlobalSection(ExtensibilityGlobals) = postSolution
		SolutionGuid = {07261601-6D95-44F4-B333-E69EBB8C6381}
	EndGlobalSection
EndGlobal
