
Microsoft Visual Studio Solution File, Format Version 12.00
# Visual Studio Version 16
VisualStudioVersion = 16.0.30621.155
MinimumVisualStudioVersion = 10.0.40219.1
Project("{FAE04EC0-301F-11D3-BF4B-00C04F79EFBC}") = "LAB 1.3", "LAB 1.3\LAB 1.3.csproj", "{BA1636D7-0807-4A4D-89F4-D3B1C762CB08}"
EndProject
Global
	GlobalSection(SolutionConfigurationPlatforms) = preSolution
		Debug|Any CPU = Debug|Any CPU
		Release|Any CPU = Release|Any CPU
	EndGlobalSection
	GlobalSection(ProjectConfigurationPlatforms) = postSolution
		{BA1636D7-0807-4A4D-89F4-D3B1C762CB08}.Debug|Any CPU.ActiveCfg = Debug|Any CPU
		{BA1636D7-0807-4A4D-89F4-D3B1C762CB08}.Debug|Any CPU.Build.0 = Debug|Any CPU
		{BA1636D7-0807-4A4D-89F4-D3B1C762CB08}.Release|Any CPU.ActiveCfg = Release|Any CPU
		{BA1636D7-0807-4A4D-89F4-D3B1C762CB08}.Release|Any CPU.Build.0 = Release|Any CPU
	EndGlobalSection
	GlobalSection(SolutionProperties) = preSolution
		HideSolutionNode = FALSE
	EndGlobalSection
	GlobalSection(ExtensibilityGlobals) = postSolution
		SolutionGuid = {5C27DE88-60C2-4A97-86CC-F97926B17E0A}
	EndGlobalSection
EndGlobal
